PODS:
  - CocoaAsyncSocket (7.6.1)
  - CocoaLumberjack (3.2.0):
    - CocoaLumberjack/Default (= 3.2.0)
    - CocoaLumberjack/Extensions (= 3.2.0)
  - CocoaLumberjack/Default (3.2.0)
  - CocoaLumberjack/Extensions (3.2.0):
    - CocoaLumberjack/Default
  - KSYMediaPlayer_iOS (2.2.0)

DEPENDENCIES:
  - CocoaAsyncSocket
  - CocoaLumberjack
  - KSYMediaPlayer_iOS

SPEC CHECKSUMS:
  CocoaAsyncSocket: 7eadd3f59e1a6c84e2aefc93e9ff7b55156fe174
  CocoaLumberjack: 9b4aed7073d242f29cc2f62068d995faf67f703a
  KSYMediaPlayer_iOS: c51d5440bfd17b4caea3c53a3b34ba1af42d97c5

PODFILE CHECKSUM: 176926f0f0dd92a6d60406808337bc1af03f61a1

COCOAPODS: 1.2.1
